
Microsoft Visual Studio Solution File, Format Version 12.00
# Visual Studio Version 16
VisualStudioVersion = 16.0.31911.196
MinimumVisualStudioVersion = 10.0.40219.1
Project("{FAE04EC0-301F-11D3-BF4B-00C04F79EFBC}") = "UCP1_PAW_019_A", "UCP1_PAW_019_A\UCP1_PAW_019_A.csproj", "{329F8AE1-CDC5-4CC8-BE0F-EFEE3C239F4A}"
EndProject
Global
	GlobalSection(SolutionConfigurationPlatforms) = preSolution
		Debug|Any CPU = Debug|Any CPU
		Release|Any CPU = Release|Any CPU
	EndGlobalSection
	GlobalSection(ProjectConfigurationPlatforms) = postSolution
		{329F8AE1-CDC5-4CC8-BE0F-EFEE3C239F4A}.Debug|Any CPU.ActiveCfg = Debug|Any CPU
		{329F8AE1-CDC5-4CC8-BE0F-EFEE3C239F4A}.Debug|Any CPU.Build.0 = Debug|Any CPU
		{329F8AE1-CDC5-4CC8-BE0F-EFEE3C239F4A}.Release|Any CPU.ActiveCfg = Release|Any CPU
		{329F8AE1-CDC5-4CC8-BE0F-EFEE3C239F4A}.Release|Any CPU.Build.0 = Release|Any CPU
	EndGlobalSection
	GlobalSection(SolutionProperties) = preSolution
		HideSolutionNode = FALSE
	EndGlobalSection
	GlobalSection(ExtensibilityGlobals) = postSolution
		SolutionGuid = {E685F3FC-87C0-494F-81A2-814E5833FD46}
	EndGlobalSection
EndGlobal
